
Microsoft Visual Studio Solution File, Format Version 12.00
# Visual Studio Version 16
VisualStudioVersion = 16.0.32630.194
MinimumVisualStudioVersion = 10.0.40219.1
Project("{9A19103F-16F7-4668-BE54-9A1E7A4F7556}") = "reflection_and_delegate_demo", "reflection_and_delegate_demo.csproj", "{324588B8-3D33-4754-B8A1-93DFF5D3D787}"
EndProject
Global
	GlobalSection(SolutionConfigurationPlatforms) = preSolution
		Debug|Any CPU = Debug|Any CPU
		Release|Any CPU = Release|Any CPU
	EndGlobalSection
	GlobalSection(ProjectConfigurationPlatforms) = postSolution
		{324588B8-3D33-4754-B8A1-93DFF5D3D787}.Debug|Any CPU.ActiveCfg = Debug|Any CPU
		{324588B8-3D33-4754-B8A1-93DFF5D3D787}.Debug|Any CPU.Build.0 = Debug|Any CPU
		{324588B8-3D33-4754-B8A1-93DFF5D3D787}.Release|Any CPU.ActiveCfg = Release|Any CPU
		{324588B8-3D33-4754-B8A1-93DFF5D3D787}.Release|Any CPU.Build.0 = Release|Any CPU
	EndGlobalSection
	GlobalSection(SolutionProperties) = preSolution
		HideSolutionNode = FALSE
	EndGlobalSection
	GlobalSection(ExtensibilityGlobals) = postSolution
		SolutionGuid = {B90FA5FA-C723-40AE-951A-5FE84565972F}
	EndGlobalSection
EndGlobal
